
Microsoft Visual Studio Solution File, Format Version 12.00
# Visual Studio Version 16
VisualStudioVersion = 16.0.30503.244
MinimumVisualStudioVersion = 10.0.40219.1
Project("{FAE04EC0-301F-11D3-BF4B-00C04F79EFBC}") = "profile", "profile.csproj", "{D0993673-0F37-4AD8-94C3-2095794DA02E}"
EndProject
Global
	GlobalSection(SolutionConfigurationPlatforms) = preSolution
		Debug|Any CPU = Debug|Any CPU
		Release|Any CPU = Release|Any CPU
	EndGlobalSection
	GlobalSection(ProjectConfigurationPlatforms) = postSolution
		{D0993673-0F37-4AD8-94C3-2095794DA02E}.Debug|Any CPU.ActiveCfg = Debug|Any CPU
		{D0993673-0F37-4AD8-94C3-2095794DA02E}.Debug|Any CPU.Build.0 = Debug|Any CPU
		{D0993673-0F37-4AD8-94C3-2095794DA02E}.Release|Any CPU.ActiveCfg = Release|Any CPU
		{D0993673-0F37-4AD8-94C3-2095794DA02E}.Release|Any CPU.Build.0 = Release|Any CPU
	EndGlobalSection
	GlobalSection(SolutionProperties) = preSolution
		HideSolutionNode = FALSE
	EndGlobalSection
	GlobalSection(ExtensibilityGlobals) = postSolution
		SolutionGuid = {4C37CA3E-9C87-4D79-AEAF-F3984E62B910}
	EndGlobalSection
EndGlobal
