
Microsoft Visual Studio Solution File, Format Version 12.00
# Visual Studio Version 16
VisualStudioVersion = 16.0.30320.27
MinimumVisualStudioVersion = 10.0.40219.1
Project("{FAE04EC0-301F-11D3-BF4B-00C04F79EFBC}") = "ChessGameForm", "ChessGameForm.csproj", "{2B7FF406-5BB8-4AE3-BCEB-A7DA20A05E40}"
EndProject
Global
	GlobalSection(SolutionConfigurationPlatforms) = preSolution
		Debug|Any CPU = Debug|Any CPU
		Release|Any CPU = Release|Any CPU
	EndGlobalSection
	GlobalSection(ProjectConfigurationPlatforms) = postSolution
		{2B7FF406-5BB8-4AE3-BCEB-A7DA20A05E40}.Debug|Any CPU.ActiveCfg = Debug|Any CPU
		{2B7FF406-5BB8-4AE3-BCEB-A7DA20A05E40}.Debug|Any CPU.Build.0 = Debug|Any CPU
		{2B7FF406-5BB8-4AE3-BCEB-A7DA20A05E40}.Release|Any CPU.ActiveCfg = Release|Any CPU
		{2B7FF406-5BB8-4AE3-BCEB-A7DA20A05E40}.Release|Any CPU.Build.0 = Release|Any CPU
	EndGlobalSection
	GlobalSection(SolutionProperties) = preSolution
		HideSolutionNode = FALSE
	EndGlobalSection
	GlobalSection(ExtensibilityGlobals) = postSolution
		SolutionGuid = {F23AAC0B-C9D7-4457-BB71-9FCCF88CC36E}
	EndGlobalSection
EndGlobal
